{
    "_meta": {
        "hash": {
            "sha256": "ff48c6ff2ec7ea71b156b14846c599179f4686432ed846263f04dce47edcf38e"
        },
        "pipfile-spec": 6,
        "requires": {
            "python_version": "3.7"
        },
        "sources": [
            {
                "name": "pypi",
                "url": "https://pypi.org/simple",
                "verify_ssl": true
            }
        ]
    },
    "default": {
        "altgraph": {
            "hashes": [
                "sha256:743628f2ac6a7c26f5d9223c91ed8ecbba535f506f4b6f558885a8a56a105857",
                "sha256:ebf2269361b47d97b3b88e696439f6e4cbc607c17c51feb1754f90fb79839158"
            ],
            "version": "==0.17.2"
        },
        "certifi": {
            "hashes": [
                "sha256:5930595817496dd21bb8dc35dad090f1c2cd0adfaf21204bf6732ca5d8ee34d3",
                "sha256:8fc0819f1f30ba15bdb34cceffb9ef04d99f420f68eb75d901e9560b8749fc41"
            ],
            "index": "pypi",
            "version": "==2020.6.20"
        },
        "chardet": {
            "hashes": [
                "sha256:84ab92ed1c4d4f16916e05906b6b75a6c0fb5db821cc65e70cbd64a3e2a5eaae",
                "sha256:fc323ffcaeaed0e0a02bf4d117757b98aed530d9ed4531e3e15460124c106691"
            ],
            "index": "pypi",
            "version": "==3.0.4"
        },
        "docutils": {
            "hashes": [
                "sha256:0c5b78adfbf7762415433f5515cd5c9e762339e23369dbe8000d84a4bf4ab3af",
                "sha256:c2de3a60e9e7d07be26b7f2b00ca0309c207e06c100f9cc2a94931fc75a478fc"
            ],
            "index": "pypi",
            "version": "==0.16"
        },
        "future": {
            "hashes": [
                "sha256:b1bead90b70cf6ec3f0710ae53a525360fa360d306a86583adc6bf83a4db537d"
            ],
            "markers": "python_version >= '2.6' and python_version not in '3.0, 3.1, 3.2'",
            "version": "==0.18.2"
        },
        "idna": {
            "hashes": [
                "sha256:7588d1c14ae4c77d74036e8c22ff447b26d0fde8f007354fd48a7814db15b7cb",
                "sha256:a068a21ceac8a4d63dbfd964670474107f541babbd2250d61922f029858365fa"
            ],
            "index": "pypi",
            "version": "==2.9"
        },
        "itsdangerous": {
            "hashes": [
                "sha256:321b033d07f2a4136d3ec762eac9f16a10ccd60f53c0c91af90217ace7ba1f19",
                "sha256:b12271b2047cb23eeb98c8b5622e2e5c5e9abd9784a153e9d8ef9cb4dd09d749"
            ],
            "index": "pypi",
            "version": "==1.1.0"
        },
        "kivy": {
            "hashes": [
                "sha256:090d3ded9835a17477cd93fbdaf0a7c42ff2218981cf198ded5ad8795bc74391",
                "sha256:11e85eaf6efbfa2362a3334ffdad179a1b0ca8d255cca79eaa6a2765560d4982",
                "sha256:1a1ff32f8a95f1e175198cbab81fcd2596783b180d4eafe63e87d171aa7fdb5e",
                "sha256:1d28b198a64c30db8d94a0488e85f3037af60d514ab0d7ad5ab45add3ab77090",
                "sha256:4a5480cbf837d3780c77a4f61b32b56d22ae9f03845e7a89dd3eaef1ae5fd037",
                "sha256:4d0e596f74271e901b551f77661dde238df4765484fce9f5d1c72e8022984e84",
                "sha256:5c3d0f2749522d62e9cce09cd54b2d823bf1b6b644ff1f627be49de6f3e3cba0",
                "sha256:815a5c0b3b72fcd81ca7b2aa0744087163ed03e4cf9ab4e7c9733cea99fc1571",
                "sha256:8819a27a09871af451760cb69486ced52e830c8a0a37480f22ef5e692f12c05b",
                "sha256:a687602d90c4629dd036f577ca39acb76ba581370f9d915f3cab99be818ba8ad",
                "sha256:b7ef6aad43a86d8df3fb865db864e354f2155a748019f8517f69f65c1a29cb64",
                "sha256:b85ccf165050cbf2ee8447671eebbc222b369b40f0e0038dd9547d49a5e37373",
                "sha256:c36652caa7f6c327dee834cfc699d5962d346b7a53e54bd81abc17c314226d89",
                "sha256:ece170514db3f49844a41e4c910ad9ce9bc46da6f47a49158e11266bdcc6e479",
                "sha256:f3bea6e4a21991827885d04127fc6d09a0e974ecfa12da7bf5faae93562ea102",
                "sha256:f835462dd9aa491272552ef079b948a088598e2e95d68bb1d885d2c3f3d4e2c3"
            ],
            "index": "pypi",
            "version": "==1.11.1"
        },
        "kivy-deps.glew": {
            "hashes": [
                "sha256:09f72ee5ef33ff273332e2a229dc97d650d29818a0189339421949e4e0f63d93",
                "sha256:1e28e40017af9d081fc0fc95b4fadaf31d15e9f63478dcee1c4257d67079894e",
                "sha256:45aa7f0e8d9bcf5fc1810c9c38bc20edf7dee61df81ecf62102e0f84153f924a",
                "sha256:6bb435620c3187d2c61054adb9ec277ed487256b457a0a7b1491bc0cb7247e18",
                "sha256:92e72fa2c425887987d1aa861c99537033dc20d68ae1c54864871f0401682586",
                "sha256:ab81783a82bef88a8d2bcf8a93bc21df6b8b0db6ee551eb802727d18f9074b17",
                "sha256:c843104690c0c8f3a58105c53c57f31506f6f90562c18de00bd19317cc1045a7",
                "sha256:cf351aad171796f8051af8e49ec430a9aa128d8557d8643e73f2bb1e5f9c2dab",
                "sha256:ee8ab67abb2c98d84feede657cae472e7723e529af07394244bdd33caafb1a38",
                "sha256:ef1116d99bd9cc737cb8c0e13e676955c17d6e4d6d1af5cfccef089a430071bb"
            ],
            "index": "pypi",
            "version": "==0.1.12"
        },
        "kivy-deps.gstreamer": {
            "hashes": [
                "sha256:0d9598d2d31c0e780adf4b767fa3a691123621fd0ffef94b83cf82c2da84341b",
                "sha256:309eca64dee5939f16f8465e5cbb08bdde7c90ded1af6a00690c7e928326af79",
                "sha256:3d53d2c84c0a997c4cac6c239b1e0a6486e533836321003dc365ec42b97a664b",
                "sha256:4d996377111e854b3dea90846f9b2f98766a44529fd8b72125e18c552381d928",
                "sha256:4f2ddd61d185310258d338ae80a646df7822efdd7d67e57f49dc7b87555c5d7e",
                "sha256:6fa9f76afe600baa221abee31ce7dc63e653d0affe0f6c558bfc4f35af96396f",
                "sha256:739cd331b9f33a822d700273674a79a3157054e9358a01a0d553f094a5f4a8c9",
                "sha256:c29cfc63fe70a58dad889e631f1ba4711c9ea80103f2b2b8d670a97f093076c8",
                "sha256:c4709765e2b17c6c96b46a92207b0457def147544d825654077603eaf0d424de"
            ],
            "index": "pypi",
            "version": "==0.1.17"
        },
        "kivy-deps.sdl2": {
            "hashes": [
                "sha256:053f26e8c05d5545bdbc7eeb8c450b8e4410ee355792e9345af536110fe247e2",
                "sha256:1b987bdd4fbbcb31baf0d7fc9584ad99912179b8968311bb7e30fbeb14e98e0d",
                "sha256:228128cdd8112dc7505ac43027a770476e9ef282e0b84ca68037133cd025960b",
                "sha256:2c2fd5a12a7a9afe3bb962b273561099a180edae91bb9c8f8386b72253fcae4a",
                "sha256:5ce23f1a3286d6288751a12b0eaefd02f947ea101bb807e9781b964e496fc3f3",
                "sha256:7928746eaed51944c10d1bb36fcefebe3d1aff1b97ba32359c2c97ba74707e1b",
                "sha256:9270fa8ed5130074b167a7a3a9c85efc3cfe3c04584ab084cb6ae9e4edfa8168",
                "sha256:92ed97d3247bc8ce98f336cbc940bb889310199326e9ccf251c49ae7e4b80de8",
                "sha256:96e1fa89fd8b5351f2d3c26bbffd50df8d554b03fba4025ecc941d773d241698",
                "sha256:c3ace0ddde0e59cdcaf260eda1daa0c05ca9bf8cd0c4ea404539de25a5dcaec7"
            ],
            "index": "pypi",
            "version": "==0.1.22"
        },
        "kivy-garden": {
            "hashes": [
                "sha256:9b7d9de5efacbcd0c4b3dd873b30622a86093c9965aa47b523c7a32f3eb34610",
                "sha256:c256f42788421273a08fbb0a228f0fb0e80dd86b629fb8c0920507f645be6c72"
            ],
            "index": "pypi",
            "version": "==0.1.4"
        },
        "packaging": {
            "hashes": [
                "sha256:7dc96269f53a4ccec5c0670940a4281106dd0bb343f47b7471f779df49c2fbe7",
                "sha256:c86254f9220d55e31cc94d69bade760f0847da8000def4dfe1c6b872fd14ff14"
            ],
            "index": "pypi",
            "version": "==21.0"
        },
        "pdf2image": {
            "hashes": [
                "sha256:a0d9906f5507192210a8d5d7ead63145e9dec4bccc4564b1fb644e923913c31c"
            ],
            "index": "pypi",
            "version": "==1.12.1"
        },
        "pefile": {
            "hashes": [
                "sha256:344a49e40a94e10849f0fe34dddc80f773a12b40675bf2f7be4b8be578bdd94a"
            ],
            "markers": "python_full_version >= '3.6.0'",
            "version": "==2021.9.3"
        },
        "pillow": {
            "hashes": [
                "sha256:0412516dcc9de9b0a1e0ae25a280015809de8270f134cc2c1e32c4eeb397cf30",
                "sha256:04835e68ef12904bc3e1fd002b33eea0779320d4346082bd5b24bec12ad9c3e9",
                "sha256:06d1adaa284696785375fa80a6a8eb309be722cf4ef8949518beb34487a3df71",
                "sha256:085a90a99404b859a4b6c3daa42afde17cb3ad3115e44a75f0d7b4a32f06a6c9",
                "sha256:0b9911ec70731711c3b6ebcde26caea620cbdd9dcb73c67b0730c8817f24711b",
                "sha256:10e00f7336780ca7d3653cf3ac26f068fa11b5a96894ea29a64d3dc4b810d630",
                "sha256:11c27e74bab423eb3c9232d97553111cc0be81b74b47165f07ebfdd29d825875",
                "sha256:11eb7f98165d56042545c9e6db3ce394ed8b45089a67124298f0473b29cb60b2",
                "sha256:13654b521fb98abdecec105ea3fb5ba863d1548c9b58831dd5105bb3873569f1",
                "sha256:15ccb81a6ffc57ea0137f9f3ac2737ffa1d11f786244d719639df17476d399a7",
                "sha256:18a07a683805d32826c09acfce44a90bf474e6a66ce482b1c7fcd3757d588df3",
                "sha256:19ec4cfe4b961edc249b0e04b5618666c23a83bc35842dea2bfd5dfa0157f81b",
                "sha256:1c3ff00110835bdda2b1e2b07f4a2548a39744bb7de5946dc8e95517c4fb2ca6",
                "sha256:27a330bf7014ee034046db43ccbb05c766aa9e70b8d6c5260bfc38d73103b0ba",
                "sha256:2b11c9d310a3522b0fd3c35667914271f570576a0e387701f370eb39d45f08a4",
                "sha256:2c661542c6f71dfd9dc82d9d29a8386287e82813b0375b3a02983feac69ef864",
                "sha256:2cde7a4d3687f21cffdf5bb171172070bb95e02af448c4c8b2f223d783214056",
                "sha256:2d5e9dc0bf1b5d9048a94c48d0813b6c96fccfa4ccf276d9c36308840f40c228",
                "sha256:2f23b2d3079522fdf3c09de6517f625f7a964f916c956527bed805ac043799b8",
                "sha256:35d27687f027ad25a8d0ef45dd5208ef044c588003cdcedf05afb00dbc5c2deb",
                "sha256:35d409030bf3bd05fa66fb5fdedc39c521b397f61ad04309c90444e893d05f7d",
                "sha256:4326ea1e2722f3dc00ed77c36d3b5354b8fb7399fb59230249ea6d59cbed90da",
                "sha256:4abc247b31a98f29e5224f2d31ef15f86a71f79c7f4d2ac345a5d551d6393073",
                "sha256:4d89a2e9219a526401015153c0e9dd48319ea6ab9fe3b066a20aa9aee23d9fd3",
                "sha256:4e59e99fd680e2b8b11bbd463f3c9450ab799305d5f2bafb74fefba6ac058616",
                "sha256:548794f99ff52a73a156771a0402f5e1c35285bd981046a502d7e4793e8facaa",
                "sha256:56fd98c8294f57636084f4b076b75f86c57b2a63a8410c0cd172bc93695ee979",
                "sha256:59697568a0455764a094585b2551fd76bfd6b959c9f92d4bdec9d0e14616303a",
                "sha256:6bff50ba9891be0a004ef48828e012babaaf7da204d81ab9be37480b9020a82b",
                "sha256:6cb3dd7f23b044b0737317f892d399f9e2f0b3a02b22b2c692851fb8120d82c6",
                "sha256:7dbfbc0020aa1d9bc1b0b8bcf255a7d73f4ad0336f8fd2533fcc54a4ccfb9441",
                "sha256:838eb85de6d9307c19c655c726f8d13b8b646f144ca6b3771fa62b711ebf7624",
                "sha256:8b68f565a4175e12e68ca900af8910e8fe48aaa48fd3ca853494f384e11c8bcd",
                "sha256:8f284dc1695caf71a74f24993b7c7473d77bc760be45f776a2c2f4e04c170550",
                "sha256:963ebdc5365d748185fdb06daf2ac758116deecb2277ec5ae98139f93844bc09",
                "sha256:a048dad5ed6ad1fad338c02c609b862dfaa921fcd065d747194a6805f91f2196",
                "sha256:a1bd983c565f92779be456ece2479840ec39d386007cd4ae83382646293d681b",
                "sha256:a66566f8a22561fc1a88dc87606c69b84fa9ce724f99522cf922c801ec68f5c1",
                "sha256:bcb04ff12e79b28be6c9988f275e7ab69f01cc2ba319fb3114f87817bb7c74b6",
                "sha256:bd24054aaf21e70a51e2a2a5ed1183560d3a69e6f9594a4bfe360a46f94eba83",
                "sha256:be25cb93442c6d2f8702c599b51184bd3ccd83adebd08886b682173e09ef0c3f",
                "sha256:c691b26283c3a31594683217d746f1dad59a7ae1d4cfc24626d7a064a11197d4",
                "sha256:cc9d0dec711c914ed500f1d0d3822868760954dce98dfb0b7382a854aee55d19",
                "sha256:ce2e5e04bb86da6187f96d7bab3f93a7877830981b37f0287dd6479e27a10341",
                "sha256:ce651ca46d0202c302a535d3047c55a0131a720cf554a578fc1b8a2aff0e7d96",
                "sha256:d0c8ebbfd439c37624db98f3877d9ed12c137cadd99dde2d2eae0dab0bbfc355",
                "sha256:d675a876b295afa114ca8bf42d7f86b5fb1298e1b6bb9a24405a3f6c8338811c",
                "sha256:dde3f3ed8d00c72631bc19cbfff8ad3b6215062a5eed402381ad365f82f0c18c",
                "sha256:e5a31c07cea5edbaeb4bdba6f2b87db7d3dc0f446f379d907e51cc70ea375629",
                "sha256:f514c2717012859ccb349c97862568fdc0479aad85b0270d6b5a6509dbc142e2",
                "sha256:fc0db32f7223b094964e71729c0361f93db43664dd1ec86d3df217853cedda87",
                "sha256:fd4fd83aa912d7b89b4b4a1580d30e2a4242f3936882a3f433586e5ab97ed0d5",
                "sha256:feb5db446e96bfecfec078b943cc07744cc759893cef045aa8b8b6d6aaa8274e"
            ],
            "markers": "python_full_version >= '3.6.0'",
            "version": "==8.3.2"
        },
        "pygments": {
            "hashes": [
                "sha256:647344a061c249a3b74e230c739f434d7ea4d8b1d5f3721bc0f3558049b38f44",
                "sha256:ff7a40b4860b727ab48fad6360eb351cc1b33cbf9b15a0f689ca5353e9463324"
            ],
            "index": "pypi",
            "version": "==2.6.1"
        },
        "pyinstaller": {
            "hashes": [
                "sha256:3730fa80d088f8bb7084d32480eb87cbb4ddb64123363763cf8f2a1378c1c4b7"
            ],
            "index": "pypi",
            "version": "==3.6"
        },
        "pyparsing": {
            "hashes": [
                "sha256:c203ec8783bf771a155b207279b9bccb8dea02d8f0c9e5f8ead507bc3246ecc1",
                "sha256:ef9d7589ef3c200abe66653d3f1ab1033c3c419ae9b9bdb1240a85b024efc88b"
            ],
            "markers": "python_version >= '2.6' and python_version not in '3.0, 3.1, 3.2'",
            "version": "==2.4.7"
        },
        "pywin32-ctypes": {
            "hashes": [
                "sha256:24ffc3b341d457d48e8922352130cf2644024a4ff09762a2261fd34c36ee5942",
                "sha256:9dc2d991b3479cc2df15930958b674a48a227d5361d413827a4cfd0b5876fc98"
            ],
            "version": "==0.2.0"
        },
        "requests": {
            "hashes": [
                "sha256:b3559a131db72c33ee969480840fff4bb6dd111de7dd27c8ee1f820f4f00231b",
                "sha256:fe75cc94a9443b9246fc7049224f75604b113c36acb93f87b80ed42c44cbb898"
            ],
            "index": "pypi",
            "version": "==2.24.0"
        },
        "urllib3": {
            "hashes": [
                "sha256:3018294ebefce6572a474f0604c2021e33b3fd8006ecd11d62107a5d2a963527",
                "sha256:88206b0eb87e6d677d424843ac5209e3fb9d0190d0ee169599165ec25e9d9115"
            ],
            "index": "pypi",
            "version": "==1.25.9"
        },
        "xlrd": {
            "hashes": [
                "sha256:546eb36cee8db40c3eaa46c351e67ffee6eeb5fa2650b71bc4c758a29a1b29b2",
                "sha256:e551fb498759fa3a5384a94ccd4c3c02eb7c00ea424426e212ac0c57be9dfbde"
            ],
            "index": "pypi",
            "version": "==1.2.0"
        }
    },
    "develop": {}
}